
Microsoft Visual Studio Solution File, Format Version 12.00
# Visual Studio Version 17
VisualStudioVersion = 17.5.33424.131
MinimumVisualStudioVersion = 10.0.40219.1
Project("{9A19103F-16F7-4668-BE54-9A1E7A4F7556}") = "SendEmailService", "SendInfoPcService\SendEmailService.csproj", "{C5676404-BD8B-4AB3-9987-5D241DCC3C4F}"
EndProject
Project("{9A19103F-16F7-4668-BE54-9A1E7A4F7556}") = "InfoPc.Utils", "InfoPc.Utils\InfoPc.Utils.csproj", "{F01185D3-77F8-4C0B-AFE5-808B197BF0C3}"
EndProject
Project("{2150E333-8FDC-42A3-9474-1A3956D46DE8}") = "UnitestSolution", "UnitestSolution", "{1F188D92-EFE3-479C-96A4-DEC99EE611E0}"
EndProject
Project("{9A19103F-16F7-4668-BE54-9A1E7A4F7556}") = "TestReportExcelFileMST", "TestReportExcelFileMST\TestReportExcelFileMST.csproj", "{512A9C00-C12C-47F9-BDD4-5F3021BC5FF8}"
EndProject
Project("{2150E333-8FDC-42A3-9474-1A3956D46DE8}") = "BundensligaDataaccess", "BundensligaDataaccess", "{FCF6CCA8-618A-4FCB-BC57-DFEBD1A605C2}"
EndProject
Project("{9A19103F-16F7-4668-BE54-9A1E7A4F7556}") = "DataAccess", "DataAccess\DataAccess.csproj", "{9C8A90F9-B236-492A-AED4-4B46B7916C1D}"
EndProject
Project("{9A19103F-16F7-4668-BE54-9A1E7A4F7556}") = "InfoPcTool", "InfoPcTool\InfoPcTool.csproj", "{8CD32BC8-186D-4F7E-A59A-1E18BC148D93}"
EndProject
Project("{2150E333-8FDC-42A3-9474-1A3956D46DE8}") = "Utils", "Utils", "{E2E037BE-002B-475F-8BD1-D47679E387E7}"
EndProject
Project("{9A19103F-16F7-4668-BE54-9A1E7A4F7556}") = "MVVM.Helper", "Utils\MVVM.Helper\MVVM.Helper.csproj", "{30B039AD-263D-4A1A-88A9-376B99D95825}"
EndProject
Project("{2150E333-8FDC-42A3-9474-1A3956D46DE8}") = "ASP_NET", "ASP_NET", "{ACE02459-E3B9-452E-B409-7A2CF154723A}"
EndProject
Project("{FAE04EC0-301F-11D3-BF4B-00C04F79EFBC}") = "Bike_Store", "ASP_NET\Bike_Store\Bike_Store.csproj", "{D26221F8-5BD8-4393-9E4A-591250A30179}"
EndProject
Project("{2150E333-8FDC-42A3-9474-1A3956D46DE8}") = "DataAccess", "DataAccess", "{A8CCB4B3-D7E7-4D55-9AD4-A9A367E81334}"
EndProject
Project("{FAE04EC0-301F-11D3-BF4B-00C04F79EFBC}") = "BikeStoreAccess", "DataAccess\BikeStoreAccess\BikeStoreAccess.csproj", "{91E89F94-3018-4CC9-AF1E-445A6F970814}"
EndProject
Project("{2150E333-8FDC-42A3-9474-1A3956D46DE8}") = "BLAZOR", "BLAZOR", "{A98DBA64-A27A-43B2-BA68-F7B0FF1F6001}"
EndProject
Project("{FAE04EC0-301F-11D3-BF4B-00C04F79EFBC}") = "BikeStore_blazor", "BLAZOR\BikeStore_blazor\BikeStore_blazor.csproj", "{863A268E-FCC4-45BF-BBF1-5E6E71964B5E}"
EndProject
Project("{2150E333-8FDC-42A3-9474-1A3956D46DE8}") = "API", "API", "{304759A1-154A-4F77-AB8E-7D85A46F64BC}"
EndProject
Project("{FAE04EC0-301F-11D3-BF4B-00C04F79EFBC}") = "Call_fake_api", "API\Call_fake_api\Call_fake_api.csproj", "{76BC063F-1CE0-476F-B624-52CAA7BF24E0}"
EndProject
Global
	GlobalSection(SolutionConfigurationPlatforms) = preSolution
		Debug|Any CPU = Debug|Any CPU
		Release|Any CPU = Release|Any CPU
	EndGlobalSection
	GlobalSection(ProjectConfigurationPlatforms) = postSolution
		{C5676404-BD8B-4AB3-9987-5D241DCC3C4F}.Debug|Any CPU.ActiveCfg = Debug|Any CPU
		{C5676404-BD8B-4AB3-9987-5D241DCC3C4F}.Debug|Any CPU.Build.0 = Debug|Any CPU
		{C5676404-BD8B-4AB3-9987-5D241DCC3C4F}.Release|Any CPU.ActiveCfg = Release|Any CPU
		{C5676404-BD8B-4AB3-9987-5D241DCC3C4F}.Release|Any CPU.Build.0 = Release|Any CPU
		{F01185D3-77F8-4C0B-AFE5-808B197BF0C3}.Debug|Any CPU.ActiveCfg = Debug|Any CPU
		{F01185D3-77F8-4C0B-AFE5-808B197BF0C3}.Debug|Any CPU.Build.0 = Debug|Any CPU
		{F01185D3-77F8-4C0B-AFE5-808B197BF0C3}.Release|Any CPU.ActiveCfg = Release|Any CPU
		{F01185D3-77F8-4C0B-AFE5-808B197BF0C3}.Release|Any CPU.Build.0 = Release|Any CPU
		{512A9C00-C12C-47F9-BDD4-5F3021BC5FF8}.Debug|Any CPU.ActiveCfg = Debug|Any CPU
		{512A9C00-C12C-47F9-BDD4-5F3021BC5FF8}.Debug|Any CPU.Build.0 = Debug|Any CPU
		{512A9C00-C12C-47F9-BDD4-5F3021BC5FF8}.Release|Any CPU.ActiveCfg = Release|Any CPU
		{512A9C00-C12C-47F9-BDD4-5F3021BC5FF8}.Release|Any CPU.Build.0 = Release|Any CPU
		{9C8A90F9-B236-492A-AED4-4B46B7916C1D}.Debug|Any CPU.ActiveCfg = Debug|Any CPU
		{9C8A90F9-B236-492A-AED4-4B46B7916C1D}.Debug|Any CPU.Build.0 = Debug|Any CPU
		{9C8A90F9-B236-492A-AED4-4B46B7916C1D}.Release|Any CPU.ActiveCfg = Release|Any CPU
		{9C8A90F9-B236-492A-AED4-4B46B7916C1D}.Release|Any CPU.Build.0 = Release|Any CPU
		{8CD32BC8-186D-4F7E-A59A-1E18BC148D93}.Debug|Any CPU.ActiveCfg = Debug|Any CPU
		{8CD32BC8-186D-4F7E-A59A-1E18BC148D93}.Debug|Any CPU.Build.0 = Debug|Any CPU
		{8CD32BC8-186D-4F7E-A59A-1E18BC148D93}.Release|Any CPU.ActiveCfg = Release|Any CPU
		{8CD32BC8-186D-4F7E-A59A-1E18BC148D93}.Release|Any CPU.Build.0 = Release|Any CPU
		{30B039AD-263D-4A1A-88A9-376B99D95825}.Debug|Any CPU.ActiveCfg = Debug|Any CPU
		{30B039AD-263D-4A1A-88A9-376B99D95825}.Debug|Any CPU.Build.0 = Debug|Any CPU
		{30B039AD-263D-4A1A-88A9-376B99D95825}.Release|Any CPU.ActiveCfg = Release|Any CPU
		{30B039AD-263D-4A1A-88A9-376B99D95825}.Release|Any CPU.Build.0 = Release|Any CPU
		{D26221F8-5BD8-4393-9E4A-591250A30179}.Debug|Any CPU.ActiveCfg = Debug|Any CPU
		{D26221F8-5BD8-4393-9E4A-591250A30179}.Debug|Any CPU.Build.0 = Debug|Any CPU
		{D26221F8-5BD8-4393-9E4A-591250A30179}.Release|Any CPU.ActiveCfg = Release|Any CPU
		{D26221F8-5BD8-4393-9E4A-591250A30179}.Release|Any CPU.Build.0 = Release|Any CPU
		{91E89F94-3018-4CC9-AF1E-445A6F970814}.Debug|Any CPU.ActiveCfg = Debug|Any CPU
		{91E89F94-3018-4CC9-AF1E-445A6F970814}.Debug|Any CPU.Build.0 = Debug|Any CPU
		{91E89F94-3018-4CC9-AF1E-445A6F970814}.Release|Any CPU.ActiveCfg = Release|Any CPU
		{91E89F94-3018-4CC9-AF1E-445A6F970814}.Release|Any CPU.Build.0 = Release|Any CPU
		{863A268E-FCC4-45BF-BBF1-5E6E71964B5E}.Debug|Any CPU.ActiveCfg = Debug|Any CPU
		{863A268E-FCC4-45BF-BBF1-5E6E71964B5E}.Debug|Any CPU.Build.0 = Debug|Any CPU
		{863A268E-FCC4-45BF-BBF1-5E6E71964B5E}.Release|Any CPU.ActiveCfg = Release|Any CPU
		{863A268E-FCC4-45BF-BBF1-5E6E71964B5E}.Release|Any CPU.Build.0 = Release|Any CPU
		{76BC063F-1CE0-476F-B624-52CAA7BF24E0}.Debug|Any CPU.ActiveCfg = Debug|Any CPU
		{76BC063F-1CE0-476F-B624-52CAA7BF24E0}.Debug|Any CPU.Build.0 = Debug|Any CPU
		{76BC063F-1CE0-476F-B624-52CAA7BF24E0}.Release|Any CPU.ActiveCfg = Release|Any CPU
		{76BC063F-1CE0-476F-B624-52CAA7BF24E0}.Release|Any CPU.Build.0 = Release|Any CPU
	EndGlobalSection
	GlobalSection(SolutionProperties) = preSolution
		HideSolutionNode = FALSE
	EndGlobalSection
	GlobalSection(NestedProjects) = preSolution
		{512A9C00-C12C-47F9-BDD4-5F3021BC5FF8} = {1F188D92-EFE3-479C-96A4-DEC99EE611E0}
		{9C8A90F9-B236-492A-AED4-4B46B7916C1D} = {FCF6CCA8-618A-4FCB-BC57-DFEBD1A605C2}
		{30B039AD-263D-4A1A-88A9-376B99D95825} = {E2E037BE-002B-475F-8BD1-D47679E387E7}
		{D26221F8-5BD8-4393-9E4A-591250A30179} = {ACE02459-E3B9-452E-B409-7A2CF154723A}
		{91E89F94-3018-4CC9-AF1E-445A6F970814} = {A8CCB4B3-D7E7-4D55-9AD4-A9A367E81334}
		{863A268E-FCC4-45BF-BBF1-5E6E71964B5E} = {A98DBA64-A27A-43B2-BA68-F7B0FF1F6001}
		{76BC063F-1CE0-476F-B624-52CAA7BF24E0} = {304759A1-154A-4F77-AB8E-7D85A46F64BC}
	EndGlobalSection
	GlobalSection(ExtensibilityGlobals) = postSolution
		SolutionGuid = {B81AFE26-AE88-440D-9737-910DCD64237B}
	EndGlobalSection
EndGlobal
